
Microsoft Visual Studio Solution File, Format Version 12.00
# Visual Studio Version 17
VisualStudioVersion = 17.11.35303.130
MinimumVisualStudioVersion = 10.0.40219.1
Project("{FAE04EC0-301F-11D3-BF4B-00C04F79EFBC}") = "Common", "Common\Common.csproj", "{95820B3D-F81F-4CBD-A5FD-3134ADAFC210}"
EndProject
Project("{FAE04EC0-301F-11D3-BF4B-00C04F79EFBC}") = "DataStructure", "DataStructure\DataStructure.csproj", "{F993DD6C-1053-4DC5-8966-C26869D24094}"
EndProject
Project("{9A19103F-16F7-4668-BE54-9A1E7A4F7556}") = "DataStructureTest", "DataStructureTest\DataStructureTest.csproj", "{83996433-3CC3-4D27-93DB-E464B8B108C1}"
EndProject
Project("{FAE04EC0-301F-11D3-BF4B-00C04F79EFBC}") = "SortingAlgorithms", "SortingAlgorithms\SortingAlgorithms.csproj", "{F84B1953-CED2-4186-8149-7D9E2FAEC53A}"
EndProject
Global
	GlobalSection(SolutionConfigurationPlatforms) = preSolution
		Debug|Any CPU = Debug|Any CPU
		Release|Any CPU = Release|Any CPU
	EndGlobalSection
	GlobalSection(ProjectConfigurationPlatforms) = postSolution
		{95820B3D-F81F-4CBD-A5FD-3134ADAFC210}.Debug|Any CPU.ActiveCfg = Debug|Any CPU
		{95820B3D-F81F-4CBD-A5FD-3134ADAFC210}.Debug|Any CPU.Build.0 = Debug|Any CPU
		{95820B3D-F81F-4CBD-A5FD-3134ADAFC210}.Release|Any CPU.ActiveCfg = Release|Any CPU
		{95820B3D-F81F-4CBD-A5FD-3134ADAFC210}.Release|Any CPU.Build.0 = Release|Any CPU
		{F993DD6C-1053-4DC5-8966-C26869D24094}.Debug|Any CPU.ActiveCfg = Debug|Any CPU
		{F993DD6C-1053-4DC5-8966-C26869D24094}.Debug|Any CPU.Build.0 = Debug|Any CPU
		{F993DD6C-1053-4DC5-8966-C26869D24094}.Release|Any CPU.ActiveCfg = Release|Any CPU
		{F993DD6C-1053-4DC5-8966-C26869D24094}.Release|Any CPU.Build.0 = Release|Any CPU
		{83996433-3CC3-4D27-93DB-E464B8B108C1}.Debug|Any CPU.ActiveCfg = Debug|Any CPU
		{83996433-3CC3-4D27-93DB-E464B8B108C1}.Debug|Any CPU.Build.0 = Debug|Any CPU
		{83996433-3CC3-4D27-93DB-E464B8B108C1}.Release|Any CPU.ActiveCfg = Release|Any CPU
		{83996433-3CC3-4D27-93DB-E464B8B108C1}.Release|Any CPU.Build.0 = Release|Any CPU
		{F84B1953-CED2-4186-8149-7D9E2FAEC53A}.Debug|Any CPU.ActiveCfg = Debug|Any CPU
		{F84B1953-CED2-4186-8149-7D9E2FAEC53A}.Debug|Any CPU.Build.0 = Debug|Any CPU
		{F84B1953-CED2-4186-8149-7D9E2FAEC53A}.Release|Any CPU.ActiveCfg = Release|Any CPU
		{F84B1953-CED2-4186-8149-7D9E2FAEC53A}.Release|Any CPU.Build.0 = Release|Any CPU
	EndGlobalSection
	GlobalSection(SolutionProperties) = preSolution
		HideSolutionNode = FALSE
	EndGlobalSection
	GlobalSection(ExtensibilityGlobals) = postSolution
		SolutionGuid = {4407A85C-E744-4B89-BFB5-EBBEAA1CFA29}
	EndGlobalSection
EndGlobal
